
Microsoft Visual Studio Solution File, Format Version 12.00
# Visual Studio 15
Project("{FAE04EC0-301F-11D3-BF4B-00C04F79EFBC}") = "Assembly-CSharp", "Assembly-CSharp.csproj", "{952ACEF5-9BA7-0F48-57A9-25A40F27FCB5}"
EndProject
Project("{FAE04EC0-301F-11D3-BF4B-00C04F79EFBC}") = "Assembly-CSharp-Editor", "Assembly-CSharp-Editor.csproj", "{B9DDC4D6-F8D9-BE9D-6DDE-D511946285F5}"
EndProject
Global
	GlobalSection(SolutionConfigurationPlatforms) = preSolution
		Debug|Any CPU = Debug|Any CPU
		Release|Any CPU = Release|Any CPU
	EndGlobalSection
	GlobalSection(ProjectConfigurationPlatforms) = postSolution
		{952ACEF5-9BA7-0F48-57A9-25A40F27FCB5}.Debug|Any CPU.ActiveCfg = Debug|Any CPU
		{952ACEF5-9BA7-0F48-57A9-25A40F27FCB5}.Debug|Any CPU.Build.0 = Debug|Any CPU
		{952ACEF5-9BA7-0F48-57A9-25A40F27FCB5}.Release|Any CPU.ActiveCfg = Release|Any CPU
		{952ACEF5-9BA7-0F48-57A9-25A40F27FCB5}.Release|Any CPU.Build.0 = Release|Any CPU
		{B9DDC4D6-F8D9-BE9D-6DDE-D511946285F5}.Debug|Any CPU.ActiveCfg = Debug|Any CPU
		{B9DDC4D6-F8D9-BE9D-6DDE-D511946285F5}.Debug|Any CPU.Build.0 = Debug|Any CPU
		{B9DDC4D6-F8D9-BE9D-6DDE-D511946285F5}.Release|Any CPU.ActiveCfg = Release|Any CPU
		{B9DDC4D6-F8D9-BE9D-6DDE-D511946285F5}.Release|Any CPU.Build.0 = Release|Any CPU
	EndGlobalSection
	GlobalSection(SolutionProperties) = preSolution
		HideSolutionNode = FALSE
	EndGlobalSection
EndGlobal
